
Microsoft Visual Studio Solution File, Format Version 12.00
# Visual Studio Version 17
VisualStudioVersion = 17.0.32014.148
MinimumVisualStudioVersion = 10.0.40219.1
Project("{FAE04EC0-301F-11D3-BF4B-00C04F79EFBC}") = "Tests", "Tests\Tests.csproj", "{C5240BE7-9F18-49C1-BD65-D735B3C2A396}"
EndProject
Project("{FAE04EC0-301F-11D3-BF4B-00C04F79EFBC}") = "WorkingExample", "WorkingExample\WorkingExample.csproj", "{490EBBB9-346A-430D-A6BB-E6EA7002B235}"
EndProject
Project("{FAE04EC0-301F-11D3-BF4B-00C04F79EFBC}") = "MainLibrary", "MainLibrary\MainLibrary.csproj", "{EA30CAAC-FF8B-40B6-AAB1-D4348C53A06F}"
EndProject
Global
	GlobalSection(SolutionConfigurationPlatforms) = preSolution
		Debug|Any CPU = Debug|Any CPU
		Release|Any CPU = Release|Any CPU
	EndGlobalSection
	GlobalSection(ProjectConfigurationPlatforms) = postSolution
		{C5240BE7-9F18-49C1-BD65-D735B3C2A396}.Debug|Any CPU.ActiveCfg = Debug|Any CPU
		{C5240BE7-9F18-49C1-BD65-D735B3C2A396}.Debug|Any CPU.Build.0 = Debug|Any CPU
		{C5240BE7-9F18-49C1-BD65-D735B3C2A396}.Release|Any CPU.ActiveCfg = Release|Any CPU
		{C5240BE7-9F18-49C1-BD65-D735B3C2A396}.Release|Any CPU.Build.0 = Release|Any CPU
		{490EBBB9-346A-430D-A6BB-E6EA7002B235}.Debug|Any CPU.ActiveCfg = Debug|Any CPU
		{490EBBB9-346A-430D-A6BB-E6EA7002B235}.Debug|Any CPU.Build.0 = Debug|Any CPU
		{490EBBB9-346A-430D-A6BB-E6EA7002B235}.Release|Any CPU.ActiveCfg = Release|Any CPU
		{490EBBB9-346A-430D-A6BB-E6EA7002B235}.Release|Any CPU.Build.0 = Release|Any CPU
		{EA30CAAC-FF8B-40B6-AAB1-D4348C53A06F}.Debug|Any CPU.ActiveCfg = Debug|Any CPU
		{EA30CAAC-FF8B-40B6-AAB1-D4348C53A06F}.Debug|Any CPU.Build.0 = Debug|Any CPU
		{EA30CAAC-FF8B-40B6-AAB1-D4348C53A06F}.Release|Any CPU.ActiveCfg = Release|Any CPU
		{EA30CAAC-FF8B-40B6-AAB1-D4348C53A06F}.Release|Any CPU.Build.0 = Release|Any CPU
	EndGlobalSection
	GlobalSection(SolutionProperties) = preSolution
		HideSolutionNode = FALSE
	EndGlobalSection
	GlobalSection(ExtensibilityGlobals) = postSolution
		SolutionGuid = {CE20A694-0EA4-45D1-B576-22B8B69598DD}
	EndGlobalSection
EndGlobal
